
Microsoft Visual Studio Solution File, Format Version 12.00
# Visual Studio Version 16
VisualStudioVersion = 16.0.31205.134
MinimumVisualStudioVersion = 10.0.40219.1
Project("{FAE04EC0-301F-11D3-BF4B-00C04F79EFBC}") = "SearchAlgorithAnalysis", "SearchAlgorithAnalysis.csproj", "{3FFAF53B-27E1-4CDC-BCA3-444D4FF4FE85}"
EndProject
Global
	GlobalSection(SolutionConfigurationPlatforms) = preSolution
		Debug|Any CPU = Debug|Any CPU
		Release|Any CPU = Release|Any CPU
	EndGlobalSection
	GlobalSection(ProjectConfigurationPlatforms) = postSolution
		{3FFAF53B-27E1-4CDC-BCA3-444D4FF4FE85}.Debug|Any CPU.ActiveCfg = Debug|Any CPU
		{3FFAF53B-27E1-4CDC-BCA3-444D4FF4FE85}.Debug|Any CPU.Build.0 = Debug|Any CPU
		{3FFAF53B-27E1-4CDC-BCA3-444D4FF4FE85}.Release|Any CPU.ActiveCfg = Release|Any CPU
		{3FFAF53B-27E1-4CDC-BCA3-444D4FF4FE85}.Release|Any CPU.Build.0 = Release|Any CPU
	EndGlobalSection
	GlobalSection(SolutionProperties) = preSolution
		HideSolutionNode = FALSE
	EndGlobalSection
	GlobalSection(ExtensibilityGlobals) = postSolution
		SolutionGuid = {3B81E821-6567-4005-B201-5A9A8F3E6E03}
	EndGlobalSection
EndGlobal
